{
    "_readme": [
        "This file locks the dependencies of your project to a known state",
        "Read more about it at https://getcomposer.org/doc/01-basic-usage.md#composer-lock-the-lock-file",
        "This file is @generated automatically"
    ],
    "hash": "f4473bb77f7c713e0152927e8a7e2eda",
    "content-hash": "21fe5ee9c2db5e779aa9135e70c4063f",
    "packages": [
        {
            "name": "elbiniou-dashboard",
            "version": "dev-master",
            "source": {
                "type": "git",
                "url": "https://github.com/ElBiniou/dashboard.git",
                "reference": "98d3044098cb5c77067cefe49952d791224c160c"
            },
            "dist": {
                "type": "zip",
                "url": "https://api.github.com/repos/ElBiniou/dashboard/zipball/98d3044098cb5c77067cefe49952d791224c160c",
                "reference": "98d3044098cb5c77067cefe49952d791224c160c",
                "shasum": ""
            },
            "require": {
                "phi-component": "dev-master"
            },
            "type": "library",
            "autoload": {
                "psr-4": {
                    "Elbiniou\\Dashboard\\": "source/class"
                }
            },
            "scripts": {
                "post-install-cmd": [],
                "post-update-cmd": []
            },
            "description": "PHP component for dashboard build",
            "support": {
                "source": "https://github.com/ElBiniou/dashboard/tree/master",
                "issues": "https://github.com/ElBiniou/dashboard/issues"
            },
            "time": "2017-06-23 07:53:14"
        },
        {
            "name": "phi-application",
            "version": "dev-master",
            "source": {
                "type": "git",
                "url": "https://github.com/ElBiniou/phi-application.git",
                "reference": "af58b70811819102c78a6f1d315962b3f7b8d37f"
            },
            "dist": {
                "type": "zip",
                "url": "https://api.github.com/repos/ElBiniou/phi-application/zipball/af58b70811819102c78a6f1d315962b3f7b8d37f",
                "reference": "af58b70811819102c78a6f1d315962b3f7b8d37f",
                "shasum": ""
            },
            "require": {
                "phi-configuration": "dev-master",
                "phi-container": "dev-master",
                "phi-core": "dev-master",
                "phi-event": "dev-master",
                "phi-routing": "dev-master"
            },
            "type": "library",
            "autoload": {
                "psr-4": {
                    "Phi\\Application\\": "source"
                },
                "files": []
            },
            "description": "Phi application",
            "support": {
                "source": "https://github.com/ElBiniou/phi-application/tree/master",
                "issues": "https://github.com/ElBiniou/phi-application/issues"
            },
            "time": "2018-04-01 15:28:34"
        },
        {
            "name": "phi-cache",
            "version": "dev-master",
            "source": {
                "type": "git",
                "url": "https://github.com/ElBiniou/phi-cache.git",
                "reference": "449be2bcb3854a0ede14672eeeb688eb451bcd37"
            },
            "dist": {
                "type": "zip",
                "url": "https://api.github.com/repos/ElBiniou/phi-cache/zipball/449be2bcb3854a0ede14672eeeb688eb451bcd37",
                "reference": "449be2bcb3854a0ede14672eeeb688eb451bcd37",
                "shasum": ""
            },
            "type": "library",
            "autoload": {
                "psr-4": {
                    "Phi\\Cache\\": "source"
                },
                "files": []
            },
            "description": "Phi cache",
            "support": {
                "source": "https://github.com/ElBiniou/phi-cache/tree/master",
                "issues": "https://github.com/ElBiniou/phi-cache/issues"
            },
            "time": "2017-06-01 11:21:34"
        },
        {
            "name": "phi-component",
            "version": "dev-master",
            "source": {
                "type": "git",
                "url": "https://github.com/ElBiniou/phi-component.git",
                "reference": "76f7da84844e00ba175a1530de040f2da16669cd"
            },
            "dist": {
                "type": "zip",
                "url": "https://api.github.com/repos/ElBiniou/phi-component/zipball/76f7da84844e00ba175a1530de040f2da16669cd",
                "reference": "76f7da84844e00ba175a1530de040f2da16669cd",
                "shasum": ""
            },
            "require": {
                "phi-dom": "dev-master"
            },
            "type": "library",
            "autoload": {
                "psr-0": {
                    "Mustache": "vendor/mustache/src"
                },
                "psr-4": {
                    "Phi\\Component\\": "source/class"
                },
                "files": []
            },
            "description": "Phi web-components",
            "support": {
                "source": "https://github.com/ElBiniou/phi-component/tree/master",
                "issues": "https://github.com/ElBiniou/phi-component/issues"
            },
            "time": "2018-04-01 16:06:13"
        },
        {
            "name": "phi-configuration",
            "version": "dev-master",
            "source": {
                "type": "git",
                "url": "https://github.com/ElBiniou/phi-configuration.git",
                "reference": "6943920781ac734138d3f87568fc129c31aff132"
            },
            "dist": {
                "type": "zip",
                "url": "https://api.github.com/repos/ElBiniou/phi-configuration/zipball/6943920781ac734138d3f87568fc129c31aff132",
                "reference": "6943920781ac734138d3f87568fc129c31aff132",
                "shasum": ""
            },
            "type": "library",
            "autoload": {
                "psr-4": {
                    "Phi\\Event\\": "source"
                },
                "files": []
            },
            "description": "Phi configuration",
            "support": {
                "source": "https://github.com/ElBiniou/phi-configuration/tree/master",
                "issues": "https://github.com/ElBiniou/phi-configuration/issues"
            },
            "time": "2017-06-30 11:46:00"
        },
        {
            "name": "phi-container",
            "version": "dev-master",
            "source": {
                "type": "git",
                "url": "https://github.com/ElBiniou/phi-container.git",
                "reference": "3b8d673f691f0c3f1f66c8c0a7b36645a34fe4e8"
            },
            "dist": {
                "type": "zip",
                "url": "https://api.github.com/repos/ElBiniou/phi-container/zipball/3b8d673f691f0c3f1f66c8c0a7b36645a34fe4e8",
                "reference": "3b8d673f691f0c3f1f66c8c0a7b36645a34fe4e8",
                "shasum": ""
            },
            "require": {
                "phi-event": "dev-master"
            },
            "type": "library",
            "autoload": {
                "psr-4": {
                    "Phi\\Container\\": "source"
                },
                "files": []
            },
            "description": "Phi container",
            "support": {
                "source": "https://github.com/ElBiniou/phi-container/tree/master",
                "issues": "https://github.com/ElBiniou/phi-container/issues"
            },
            "time": "2018-02-09 10:00:46"
        },
        {
            "name": "phi-core",
            "version": "dev-master",
            "source": {
                "type": "git",
                "url": "https://github.com/ElBiniou/phi-core.git",
                "reference": "f82743f30d1e2da74a2af4b0213f7e805f927c54"
            },
            "dist": {
                "type": "zip",
                "url": "https://api.github.com/repos/ElBiniou/phi-core/zipball/f82743f30d1e2da74a2af4b0213f7e805f927c54",
                "reference": "f82743f30d1e2da74a2af4b0213f7e805f927c54",
                "shasum": ""
            },
            "type": "library",
            "autoload": {
                "files": [
                    "source/helper.php"
                ],
                "psr-4": {
                    "Phi\\Core\\": "source/class"
                }
            },
            "description": "A framework for people who don't like frameworks",
            "support": {
                "source": "https://github.com/ElBiniou/phi-core/tree/master",
                "issues": "https://github.com/ElBiniou/phi-core/issues"
            },
            "time": "2018-03-14 12:45:20"
        },
        {
            "name": "phi-database",
            "version": "dev-master",
            "source": {
                "type": "git",
                "url": "https://github.com/ElBiniou/phi-database.git",
                "reference": "851ba3f5ff1ba35cc4b5a74dc1391653b58e70f6"
            },
            "dist": {
                "type": "zip",
                "url": "https://api.github.com/repos/ElBiniou/phi-database/zipball/851ba3f5ff1ba35cc4b5a74dc1391653b58e70f6",
                "reference": "851ba3f5ff1ba35cc4b5a74dc1391653b58e70f6",
                "shasum": ""
            },
            "type": "library",
            "autoload": {
                "psr-4": {
                    "Phi\\Database\\": "source/class"
                },
                "files": []
            },
            "description": "Phi database",
            "support": {
                "source": "https://github.com/ElBiniou/phi-database/tree/master",
                "issues": "https://github.com/ElBiniou/phi-database/issues"
            },
            "time": "2018-02-21 10:47:19"
        },
        {
            "name": "phi-dom",
            "version": "dev-master",
            "source": {
                "type": "git",
                "url": "https://github.com/ElBiniou/phi-dom.git",
                "reference": "85a4ab1663738e0b827e74d985d987a4cb88a747"
            },
            "dist": {
                "type": "zip",
                "url": "https://api.github.com/repos/ElBiniou/phi-dom/zipball/85a4ab1663738e0b827e74d985d987a4cb88a747",
                "reference": "85a4ab1663738e0b827e74d985d987a4cb88a747",
                "shasum": ""
            },
            "type": "library",
            "autoload": {
                "psr-4": {
                    "Phi\\DOM\\": "source/class"
                },
                "files": []
            },
            "description": "Phi DOM",
            "support": {
                "source": "https://github.com/ElBiniou/phi-dom/tree/master",
                "issues": "https://github.com/ElBiniou/phi-dom/issues"
            },
            "time": "2018-04-01 16:09:10"
        },
        {
            "name": "phi-domtemplate",
            "version": "dev-master",
            "source": {
                "type": "git",
                "url": "https://github.com/ElBiniou/phi-domtemplate.git",
                "reference": "a4ccc7bdba824586d45d9f1d032f494e95bc98bd"
            },
            "dist": {
                "type": "zip",
                "url": "https://api.github.com/repos/ElBiniou/phi-domtemplate/zipball/a4ccc7bdba824586d45d9f1d032f494e95bc98bd",
                "reference": "a4ccc7bdba824586d45d9f1d032f494e95bc98bd",
                "shasum": ""
            },
            "require": {
                "phi-dom": "dev-master"
            },
            "type": "library",
            "autoload": {
                "psr-4": {
                    "Phi\\DOMTemplate\\": "source/class"
                },
                "files": []
            },
            "description": "Phi DOM template",
            "support": {
                "source": "https://github.com/ElBiniou/phi-domtemplate/tree/master",
                "issues": "https://github.com/ElBiniou/phi-domtemplate/issues"
            },
            "time": "2018-04-01 16:24:26"
        },
        {
            "name": "phi-event",
            "version": "dev-master",
            "source": {
                "type": "git",
                "url": "https://github.com/ElBiniou/phi-event.git",
                "reference": "2e44910b1bc33e757e6f6d635f94d647c9127f4d"
            },
            "dist": {
                "type": "zip",
                "url": "https://api.github.com/repos/ElBiniou/phi-event/zipball/2e44910b1bc33e757e6f6d635f94d647c9127f4d",
                "reference": "2e44910b1bc33e757e6f6d635f94d647c9127f4d",
                "shasum": ""
            },
            "type": "library",
            "autoload": {
                "psr-4": {
                    "Phi\\Event\\": "source/class"
                },
                "files": []
            },
            "description": "Phi event",
            "support": {
                "source": "https://github.com/ElBiniou/phi-event/tree/master",
                "issues": "https://github.com/ElBiniou/phi-event/issues"
            },
            "time": "2017-06-29 17:36:27"
        },
        {
            "name": "phi-http",
            "version": "dev-master",
            "source": {
                "type": "git",
                "url": "https://github.com/ElBiniou/phi-http.git",
                "reference": "b4b7317a1a4bc4e99d7a90c039a4143b3bf2bf30"
            },
            "dist": {
                "type": "zip",
                "url": "https://api.github.com/repos/ElBiniou/phi-http/zipball/b4b7317a1a4bc4e99d7a90c039a4143b3bf2bf30",
                "reference": "b4b7317a1a4bc4e99d7a90c039a4143b3bf2bf30",
                "shasum": ""
            },
            "type": "library",
            "autoload": {
                "psr-4": {
                    "Phi\\HTTP\\": "source/class"
                },
                "files": []
            },
            "description": "Phi http",
            "support": {
                "source": "https://github.com/ElBiniou/phi-http/tree/master",
                "issues": "https://github.com/ElBiniou/phi-http/issues"
            },
            "time": "2018-02-03 14:37:10"
        },
        {
            "name": "phi-model",
            "version": "dev-master",
            "source": {
                "type": "git",
                "url": "https://github.com/ElBiniou/phi-model.git",
                "reference": "f8c3ac4747f4d094f968637b1345225886765d17"
            },
            "dist": {
                "type": "zip",
                "url": "https://api.github.com/repos/ElBiniou/phi-model/zipball/f8c3ac4747f4d094f968637b1345225886765d17",
                "reference": "f8c3ac4747f4d094f968637b1345225886765d17",
                "shasum": ""
            },
            "type": "library",
            "autoload": {
                "psr-4": {
                    "Phi\\Model\\": "source/class"
                },
                "files": []
            },
            "description": "Phi model",
            "support": {
                "source": "https://github.com/ElBiniou/phi-model/tree/master",
                "issues": "https://github.com/ElBiniou/phi-model/issues"
            },
            "time": "2018-03-27 19:28:37"
        },
        {
            "name": "phi-routing",
            "version": "dev-master",
            "source": {
                "type": "git",
                "url": "https://github.com/ElBiniou/phi-routing.git",
                "reference": "c13bb358dae934ad174802d583e5777ae2535c2e"
            },
            "dist": {
                "type": "zip",
                "url": "https://api.github.com/repos/ElBiniou/phi-routing/zipball/c13bb358dae934ad174802d583e5777ae2535c2e",
                "reference": "c13bb358dae934ad174802d583e5777ae2535c2e",
                "shasum": ""
            },
            "require": {
                "phi-core": "dev-master",
                "phi-event": "dev-master",
                "phi-http": "dev-master"
            },
            "type": "library",
            "autoload": {
                "psr-4": {
                    "Phi\\Routing\\": "source/class"
                },
                "files": []
            },
            "description": "Phi routing",
            "support": {
                "source": "https://github.com/ElBiniou/phi-routing/tree/master",
                "issues": "https://github.com/ElBiniou/phi-routing/issues"
            },
            "time": "2018-03-14 12:44:02"
        },
        {
            "name": "phi-session",
            "version": "dev-master",
            "source": {
                "type": "git",
                "url": "https://github.com/ElBiniou/phi-session.git",
                "reference": "42888c4ef0b269932659aeab3d31c9484b105a7c"
            },
            "dist": {
                "type": "zip",
                "url": "https://api.github.com/repos/ElBiniou/phi-session/zipball/42888c4ef0b269932659aeab3d31c9484b105a7c",
                "reference": "42888c4ef0b269932659aeab3d31c9484b105a7c",
                "shasum": ""
            },
            "require": {
                "phi-http": "dev-master"
            },
            "type": "library",
            "autoload": {
                "psr-4": {
                    "Phi\\Session\\": "source/class"
                },
                "files": []
            },
            "description": "Phi session",
            "support": {
                "source": "https://github.com/ElBiniou/phi-session/tree/master",
                "issues": "https://github.com/ElBiniou/phi-session/issues"
            },
            "time": "2018-02-09 11:17:51"
        },
        {
            "name": "phi-storage",
            "version": "dev-master",
            "source": {
                "type": "git",
                "url": "https://github.com/ElBiniou/phi-storage.git",
                "reference": "86344249339e2f3e846c1bb452b1f09c36f8672f"
            },
            "dist": {
                "type": "zip",
                "url": "https://api.github.com/repos/ElBiniou/phi-storage/zipball/86344249339e2f3e846c1bb452b1f09c36f8672f",
                "reference": "86344249339e2f3e846c1bb452b1f09c36f8672f",
                "shasum": ""
            },
            "type": "library",
            "autoload": {
                "psr-4": {
                    "Phi\\Storage\\": "source/class"
                },
                "files": []
            },
            "description": "Phi storage",
            "support": {
                "source": "https://github.com/ElBiniou/phi-storage/tree/master",
                "issues": "https://github.com/ElBiniou/phi-storage/issues"
            },
            "time": "2017-08-21 08:21:44"
        },
        {
            "name": "phi-template",
            "version": "dev-master",
            "source": {
                "type": "git",
                "url": "https://github.com/ElBiniou/phi-template.git",
                "reference": "e7c9d62b614177e780b108b77bf4b5c218d4d047"
            },
            "dist": {
                "type": "zip",
                "url": "https://api.github.com/repos/ElBiniou/phi-template/zipball/e7c9d62b614177e780b108b77bf4b5c218d4d047",
                "reference": "e7c9d62b614177e780b108b77bf4b5c218d4d047",
                "shasum": ""
            },
            "type": "library",
            "autoload": {
                "psr-4": {
                    "Phi\\Template\\": "source/class"
                },
                "files": []
            },
            "description": "Phi template",
            "support": {
                "source": "https://github.com/ElBiniou/phi-template/tree/master",
                "issues": "https://github.com/ElBiniou/phi-template/issues"
            },
            "time": "2018-03-14 10:14:04"
        },
        {
            "name": "phi-traits",
            "version": "dev-master",
            "source": {
                "type": "git",
                "url": "https://github.com/ElBiniou/phi-traits.git",
                "reference": "d5d5fa9e6bc4df5ecd78a809012f3b2aedacd44b"
            },
            "dist": {
                "type": "zip",
                "url": "https://api.github.com/repos/ElBiniou/phi-traits/zipball/d5d5fa9e6bc4df5ecd78a809012f3b2aedacd44b",
                "reference": "d5d5fa9e6bc4df5ecd78a809012f3b2aedacd44b",
                "shasum": ""
            },
            "require": {
                "phi-core": "dev-master"
            },
            "type": "library",
            "autoload": {
                "psr-4": {
                    "Phi\\Traits\\": "source/class"
                },
                "files": []
            },
            "description": "Usefull traits",
            "support": {
                "source": "https://github.com/ElBiniou/phi-traits/tree/master",
                "issues": "https://github.com/ElBiniou/phi-traits/issues"
            },
            "time": "2018-03-30 13:21:10"
        }
    ],
    "packages-dev": [],
    "aliases": [],
    "minimum-stability": "stable",
    "stability-flags": {
        "phi-core": 20,
        "phi-traits": 20,
        "phi-routing": 20,
        "phi-http": 20,
        "phi-session": 20,
        "phi-cache": 20,
        "phi-database": 20,
        "phi-model": 20,
        "phi-storage": 20,
        "phi-event": 20,
        "phi-application": 20,
        "phi-dom": 20,
        "phi-component": 20,
        "phi-domtemplate": 20,
        "phi-template": 20,
        "phi-container": 20,
        "phi-configuration": 20,
        "elbiniou-dashboard": 20
    },
    "prefer-stable": false,
    "prefer-lowest": false,
    "platform": [],
    "platform-dev": []
}
